{
  "name": "mini-babel",
  "lockfileVersion": 2,
  "requires": true,
  "packages": {
    "": {
      "dependencies": {
        "acorn": "^8.8.0"
      }
    },
    "node_modules/acorn": {
      "version": "8.8.0",
      "resolved": "https://packages.aliyun.com/61d3ef52f9a895d4b3a5e705/npm/npm-registry/acorn/-/acorn-8.8.0.tgz",
      "integrity": "sha512-QOxyigPVrpZ2GXT+PFyZTl6TtOFc5egxHIP9IlQ+RbupQuX4RkT/Bee4/kQuC02Xkzg84JcT7oLYtDIQxp+v7w==",
      "license": "MIT",
      "bin": {
        "acorn": "bin/acorn"
      },
      "engines": {
        "node": ">=0.4.0"
      }
    }
  },
  "dependencies": {
    "acorn": {
      "version": "8.8.0",
      "resolved": "https://packages.aliyun.com/61d3ef52f9a895d4b3a5e705/npm/npm-registry/acorn/-/acorn-8.8.0.tgz",
      "integrity": "sha512-QOxyigPVrpZ2GXT+PFyZTl6TtOFc5egxHIP9IlQ+RbupQuX4RkT/Bee4/kQuC02Xkzg84JcT7oLYtDIQxp+v7w=="
    }
  }
}
